
Microsoft Visual Studio Solution File, Format Version 12.00
# Visual Studio Version 17
VisualStudioVersion = 17.2.32602.215
MinimumVisualStudioVersion = 10.0.40219.1
Project("{FAE04EC0-301F-11D3-BF4B-00C04F79EFBC}") = "Day 6", "Day 6.csproj", "{C1DB5BEB-9568-4C32-A731-03C458F75A2C}"
EndProject
Global
	GlobalSection(SolutionConfigurationPlatforms) = preSolution
		Debug|Any CPU = Debug|Any CPU
		Release|Any CPU = Release|Any CPU
	EndGlobalSection
	GlobalSection(ProjectConfigurationPlatforms) = postSolution
		{C1DB5BEB-9568-4C32-A731-03C458F75A2C}.Debug|Any CPU.ActiveCfg = Debug|Any CPU
		{C1DB5BEB-9568-4C32-A731-03C458F75A2C}.Debug|Any CPU.Build.0 = Debug|Any CPU
		{C1DB5BEB-9568-4C32-A731-03C458F75A2C}.Release|Any CPU.ActiveCfg = Release|Any CPU
		{C1DB5BEB-9568-4C32-A731-03C458F75A2C}.Release|Any CPU.Build.0 = Release|Any CPU
	EndGlobalSection
	GlobalSection(SolutionProperties) = preSolution
		HideSolutionNode = FALSE
	EndGlobalSection
	GlobalSection(ExtensibilityGlobals) = postSolution
		SolutionGuid = {7BA1B794-7A7A-45CD-AE2E-3DF30DB82959}
	EndGlobalSection
EndGlobal
