
Microsoft Visual Studio Solution File, Format Version 12.00
# Visual Studio Version 17
VisualStudioVersion = 17.2.32602.215
MinimumVisualStudioVersion = 10.0.40219.1
Project("{FAE04EC0-301F-11D3-BF4B-00C04F79EFBC}") = "Day 19", "Day 19.csproj", "{A7515E89-E2EE-487A-A634-81A9572ECF0C}"
EndProject
Global
	GlobalSection(SolutionConfigurationPlatforms) = preSolution
		Debug|Any CPU = Debug|Any CPU
		Release|Any CPU = Release|Any CPU
	EndGlobalSection
	GlobalSection(ProjectConfigurationPlatforms) = postSolution
		{A7515E89-E2EE-487A-A634-81A9572ECF0C}.Debug|Any CPU.ActiveCfg = Debug|Any CPU
		{A7515E89-E2EE-487A-A634-81A9572ECF0C}.Debug|Any CPU.Build.0 = Debug|Any CPU
		{A7515E89-E2EE-487A-A634-81A9572ECF0C}.Release|Any CPU.ActiveCfg = Release|Any CPU
		{A7515E89-E2EE-487A-A634-81A9572ECF0C}.Release|Any CPU.Build.0 = Release|Any CPU
	EndGlobalSection
	GlobalSection(SolutionProperties) = preSolution
		HideSolutionNode = FALSE
	EndGlobalSection
	GlobalSection(ExtensibilityGlobals) = postSolution
		SolutionGuid = {D24E94DA-08BF-423D-9A31-0F0B46233119}
	EndGlobalSection
EndGlobal
